
Microsoft Visual Studio Solution File, Format Version 12.00
# Visual Studio 15
Project("{FAE04EC0-301F-11D3-BF4B-00C04F79EFBC}") = "Assembly-CSharp", "Assembly-CSharp.csproj", "{16CA7FE6-D70C-F72F-A4EF-1FB8856F408B}"
EndProject
Project("{FAE04EC0-301F-11D3-BF4B-00C04F79EFBC}") = "Assembly-CSharp-Editor", "Assembly-CSharp-Editor.csproj", "{1B9FD1EF-A944-68B2-3478-48DB28CCE0DC}"
EndProject
Global
	GlobalSection(SolutionConfigurationPlatforms) = preSolution
		Debug|Any CPU = Debug|Any CPU
		Release|Any CPU = Release|Any CPU
	EndGlobalSection
	GlobalSection(ProjectConfigurationPlatforms) = postSolution
		{16CA7FE6-D70C-F72F-A4EF-1FB8856F408B}.Debug|Any CPU.ActiveCfg = Debug|Any CPU
		{16CA7FE6-D70C-F72F-A4EF-1FB8856F408B}.Debug|Any CPU.Build.0 = Debug|Any CPU
		{16CA7FE6-D70C-F72F-A4EF-1FB8856F408B}.Release|Any CPU.ActiveCfg = Release|Any CPU
		{16CA7FE6-D70C-F72F-A4EF-1FB8856F408B}.Release|Any CPU.Build.0 = Release|Any CPU
		{1B9FD1EF-A944-68B2-3478-48DB28CCE0DC}.Debug|Any CPU.ActiveCfg = Debug|Any CPU
		{1B9FD1EF-A944-68B2-3478-48DB28CCE0DC}.Debug|Any CPU.Build.0 = Debug|Any CPU
		{1B9FD1EF-A944-68B2-3478-48DB28CCE0DC}.Release|Any CPU.ActiveCfg = Release|Any CPU
		{1B9FD1EF-A944-68B2-3478-48DB28CCE0DC}.Release|Any CPU.Build.0 = Release|Any CPU
	EndGlobalSection
	GlobalSection(SolutionProperties) = preSolution
		HideSolutionNode = FALSE
	EndGlobalSection
EndGlobal
